json
{
  "name": "luxury-travel-app",
  "version": "1.0.0",
  "lockfileVersion": 1,
  "requires": true,
  "packages": {},
  "dependencies": {
    "@angular/animations": "12.2.0",
    "@angular/common": "12.2.0",
    "@angular/compiler": "12.2.0",
    "@angular/core": "12.2.0",
    "@angular/forms": "12.2.0",
    "@angular/platform-browser": "12.2.0",
    "@angular/platform-browser-dynamic": "12.2.0",
    "@angular/router": "12.2.0",
    "rxjs": "6.6.7",
    "zone.js": "0.11.4",
    "express": "4.17.1",
    "jsonwebtoken": "8.5.1",
    "golang.org/x/crypto": "0.0.0-20210928195632-d2d983c0e7f9",
    "node.js": "18.8.0"
    // Add other required dependencies here
  }
